
Microsoft Visual Studio Solution File, Format Version 12.00
# Visual Studio 15
VisualStudioVersion = 15.0.28010.2026
MinimumVisualStudioVersion = 10.0.40219.1
Project("{FAE04EC0-301F-11D3-BF4B-00C04F79EFBC}") = "Website", "Website\Website.csproj", "{6C09E1A1-BC03-4E06-A39E-6EAF32D7D82D}"
EndProject
Global
	GlobalSection(SolutionConfigurationPlatforms) = preSolution
		Debug|Any CPU = Debug|Any CPU
		Release|Any CPU = Release|Any CPU
	EndGlobalSection
	GlobalSection(ProjectConfigurationPlatforms) = postSolution
		{6C09E1A1-BC03-4E06-A39E-6EAF32D7D82D}.Debug|Any CPU.ActiveCfg = Debug|Any CPU
		{6C09E1A1-BC03-4E06-A39E-6EAF32D7D82D}.Debug|Any CPU.Build.0 = Debug|Any CPU
		{6C09E1A1-BC03-4E06-A39E-6EAF32D7D82D}.Release|Any CPU.ActiveCfg = Release|Any CPU
		{6C09E1A1-BC03-4E06-A39E-6EAF32D7D82D}.Release|Any CPU.Build.0 = Release|Any CPU
	EndGlobalSection
	GlobalSection(SolutionProperties) = preSolution
		HideSolutionNode = FALSE
	EndGlobalSection
	GlobalSection(ExtensibilityGlobals) = postSolution
		SolutionGuid = {712008A9-8AFC-4FCE-B957-B7111FE1D04F}
	EndGlobalSection
EndGlobal
